PODS:
  - Google-Mobile-Ads-SDK (7.29.0)
  - React (0.11.0):
    - React/Core (= 0.11.0)
  - react-native-youtube (1.1.0):
    - React
  - React/Core (0.11.0)

DEPENDENCIES:
  - Google-Mobile-Ads-SDK
  - react-native-youtube (from `../node_modules/react-native-youtube`)

EXTERNAL SOURCES:
  react-native-youtube:
    :path: ../node_modules/react-native-youtube

SPEC CHECKSUMS:
  Google-Mobile-Ads-SDK: 375bbb821b3df2106c37b74f6b0a97576ddc5f6b
  React: ab1a2e21deb34965c38328d5ec40cc7d12c6050a
  react-native-youtube: 7ab01f1320b037d605e6c6ac9d59cc2b92091799

PODFILE CHECKSUM: 6c36a431a3f62ac58a94f3166f8913bee97f90c7

COCOAPODS: 1.4.0
